
Microsoft Visual Studio Solution File, Format Version 12.00
# Visual Studio Version 17
VisualStudioVersion = 17.2.32616.157
MinimumVisualStudioVersion = 10.0.40219.1
Project("{FAE04EC0-301F-11D3-BF4B-00C04F79EFBC}") = "SpartaToDo", "SpartaToDo\SpartaToDo.csproj", "{AF2E12E4-009A-4B21-8AA0-A3E8C36D0C7F}"
EndProject
Global
	GlobalSection(SolutionConfigurationPlatforms) = preSolution
		Debug|Any CPU = Debug|Any CPU
		Release|Any CPU = Release|Any CPU
	EndGlobalSection
	GlobalSection(ProjectConfigurationPlatforms) = postSolution
		{AF2E12E4-009A-4B21-8AA0-A3E8C36D0C7F}.Debug|Any CPU.ActiveCfg = Debug|Any CPU
		{AF2E12E4-009A-4B21-8AA0-A3E8C36D0C7F}.Debug|Any CPU.Build.0 = Debug|Any CPU
		{AF2E12E4-009A-4B21-8AA0-A3E8C36D0C7F}.Release|Any CPU.ActiveCfg = Release|Any CPU
		{AF2E12E4-009A-4B21-8AA0-A3E8C36D0C7F}.Release|Any CPU.Build.0 = Release|Any CPU
	EndGlobalSection
	GlobalSection(SolutionProperties) = preSolution
		HideSolutionNode = FALSE
	EndGlobalSection
	GlobalSection(ExtensibilityGlobals) = postSolution
		SolutionGuid = {1052CF64-EB6F-45F0-98CA-FA1B5578A081}
	EndGlobalSection
EndGlobal
